
Microsoft Visual Studio Solution File, Format Version 12.00
# Visual Studio 2012
Project("{FAE04EC0-301F-11D3-BF4B-00C04F79EFBC}") = "CampusDataServices", "CampusDataServices\CampusDataServices.csproj", "{554BD0EA-721A-4397-93F7-31AFD4DCC676}"
EndProject
Global
	GlobalSection(SolutionConfigurationPlatforms) = preSolution
		Debug|Any CPU = Debug|Any CPU
		Release|Any CPU = Release|Any CPU
	EndGlobalSection
	GlobalSection(ProjectConfigurationPlatforms) = postSolution
		{554BD0EA-721A-4397-93F7-31AFD4DCC676}.Debug|Any CPU.ActiveCfg = Debug|Any CPU
		{554BD0EA-721A-4397-93F7-31AFD4DCC676}.Debug|Any CPU.Build.0 = Debug|Any CPU
		{554BD0EA-721A-4397-93F7-31AFD4DCC676}.Release|Any CPU.ActiveCfg = Release|Any CPU
		{554BD0EA-721A-4397-93F7-31AFD4DCC676}.Release|Any CPU.Build.0 = Release|Any CPU
	EndGlobalSection
	GlobalSection(SolutionProperties) = preSolution
		HideSolutionNode = FALSE
	EndGlobalSection
EndGlobal
